
Microsoft Visual Studio Solution File, Format Version 12.00
# Visual Studio 15
VisualStudioVersion = 15.0.26430.6
MinimumVisualStudioVersion = 10.0.40219.1
Project("{8BC9CEB8-8B4A-11D0-8D11-00A0C91BC942}") = "StreamsAndFiles", "StreamsAndFiles\StreamsAndFiles.vcxproj", "{476248C4-15A7-454B-AA40-E4CDF15A3126}"
EndProject
Global
	GlobalSection(SolutionConfigurationPlatforms) = preSolution
		Debug|x64 = Debug|x64
		Debug|x86 = Debug|x86
		Release|x64 = Release|x64
		Release|x86 = Release|x86
	EndGlobalSection
	GlobalSection(ProjectConfigurationPlatforms) = postSolution
		{476248C4-15A7-454B-AA40-E4CDF15A3126}.Debug|x64.ActiveCfg = Debug|x64
		{476248C4-15A7-454B-AA40-E4CDF15A3126}.Debug|x64.Build.0 = Debug|x64
		{476248C4-15A7-454B-AA40-E4CDF15A3126}.Debug|x86.ActiveCfg = Debug|Win32
		{476248C4-15A7-454B-AA40-E4CDF15A3126}.Debug|x86.Build.0 = Debug|Win32
		{476248C4-15A7-454B-AA40-E4CDF15A3126}.Release|x64.ActiveCfg = Release|x64
		{476248C4-15A7-454B-AA40-E4CDF15A3126}.Release|x64.Build.0 = Release|x64
		{476248C4-15A7-454B-AA40-E4CDF15A3126}.Release|x86.ActiveCfg = Release|Win32
		{476248C4-15A7-454B-AA40-E4CDF15A3126}.Release|x86.Build.0 = Release|Win32
	EndGlobalSection
	GlobalSection(SolutionProperties) = preSolution
		HideSolutionNode = FALSE
	EndGlobalSection
EndGlobal
